
Microsoft Visual Studio Solution File, Format Version 12.00
# Visual Studio 15
VisualStudioVersion = 15.0.28307.645
MinimumVisualStudioVersion = 10.0.40219.1
Project("{FAE04EC0-301F-11D3-BF4B-00C04F79EFBC}") = "GitTools", "GitTools\GitTools.csproj", "{F8538D23-822E-415A-8E8D-44C648AB814A}"
EndProject
Project("{FAE04EC0-301F-11D3-BF4B-00C04F79EFBC}") = "TestWeb", "TestWeb\TestWeb.csproj", "{151DA547-5BC8-415E-AEC2-FAD6AC3A4A2D}"
EndProject
Global
	GlobalSection(SolutionConfigurationPlatforms) = preSolution
		Debug|Any CPU = Debug|Any CPU
		Release|Any CPU = Release|Any CPU
	EndGlobalSection
	GlobalSection(ProjectConfigurationPlatforms) = postSolution
		{F8538D23-822E-415A-8E8D-44C648AB814A}.Debug|Any CPU.ActiveCfg = Debug|Any CPU
		{F8538D23-822E-415A-8E8D-44C648AB814A}.Debug|Any CPU.Build.0 = Debug|Any CPU
		{F8538D23-822E-415A-8E8D-44C648AB814A}.Release|Any CPU.ActiveCfg = Release|Any CPU
		{F8538D23-822E-415A-8E8D-44C648AB814A}.Release|Any CPU.Build.0 = Release|Any CPU
		{151DA547-5BC8-415E-AEC2-FAD6AC3A4A2D}.Debug|Any CPU.ActiveCfg = Debug|Any CPU
		{151DA547-5BC8-415E-AEC2-FAD6AC3A4A2D}.Debug|Any CPU.Build.0 = Debug|Any CPU
		{151DA547-5BC8-415E-AEC2-FAD6AC3A4A2D}.Release|Any CPU.ActiveCfg = Release|Any CPU
		{151DA547-5BC8-415E-AEC2-FAD6AC3A4A2D}.Release|Any CPU.Build.0 = Release|Any CPU
	EndGlobalSection
	GlobalSection(SolutionProperties) = preSolution
		HideSolutionNode = FALSE
	EndGlobalSection
	GlobalSection(ExtensibilityGlobals) = postSolution
		SolutionGuid = {4876B2E6-E522-49A0-B3D3-04504ED3BD3C}
	EndGlobalSection
EndGlobal
